<?xml version="1.0" encoding="utf-8"?>
<Project ToolsVersion="4.0" xmlns="http://schemas.microsoft.com/developer/msbuild/2003">
  <ItemGroup>
    <Filter Include="Source Files">
      <UniqueIdentifier>{4FC737F1-C7A5-4376-A066-2A32D752A2FF}</UniqueIdentifier>
      <Extensions>cpp;c;cc;cxx;def;odl;idl;hpj;bat;asm;asmx</Extensions>
    </Filter>
    <Filter Include="Header Files">
      <UniqueIdentifier>{93995380-89BD-4b04-88EB-625FBE52EBFB}</UniqueIdentifier>
      <Extensions>h;hh;hpp;hxx;hm;inl;inc;ipp;xsd</Extensions>
    </Filter>
    <Filter Include="Resource Files">
      <UniqueIdentifier>{67DA6AB6-F800-4c08-8B7A-83BB121AAD01}</UniqueIdentifier>
      <Extensions>rc;ico;cur;bmp;dlg;rc2;rct;bin;rgs;gif;jpg;jpeg;jpe;resx;tiff;tif;png;wav;mfcribbon-ms</Extensions>
    </Filter>
    <Filter Include="Source Files\3rdParty">
      <UniqueIdentifier>{db71fa6a-5d4e-4307-a8a3-3a7503a49839}</UniqueIdentifier>
    </Filter>
    <Filter Include="Header Files\3rdParty">
      <UniqueIdentifier>{88a6e9e6-969e-4fb3-9700-938a085756c2}</UniqueIdentifier>
    </Filter>
    <Filter Include="Header Files\3rdParty\Json">
      <UniqueIdentifier>{1e05334c-9ed6-414b-b58f-1af3364a90b3}</UniqueIdentifier>
    </Filter>
    <Filter Include="Source Files\3rdParty\Json">
      <UniqueIdentifier>{38f313d0-290c-4b14-9b63-f5600683da58}</UniqueIdentifier>
    </Filter>
    <Filter Include="Source Files\Messages">
      <UniqueIdentifier>{fe275f38-0656-4d93-beea-2c06fdb6edc8}</UniqueIdentifier>
    </Filter>
    <Filter Include="Header Files\Messages">
      <UniqueIdentifier>{83edce87-73cb-4efb-b4fc-2d87cdb7dde7}</UniqueIdentifier>
    </Filter>
    <Filter Include="Source Files\Server">
      <UniqueIdentifier>{71041230-0492-485e-b1a5-3c98d66f852b}</UniqueIdentifier>
    </Filter>
    <Filter Include="Header Files\Server">
      <UniqueIdentifier>{bd734227-03c5-42a6-bbbb-0f4289bfc471}</UniqueIdentifier>
    </Filter>
  </ItemGroup>
  <ItemGroup>
    <ClCompile Include="Source.cpp">
      <Filter>Source Files</Filter>
    </ClCompile>
    <ClCompile Include="3party\jsoncpp.cpp">
      <Filter>Source Files\3rdParty\Json</Filter>
    </ClCompile>
    <ClCompile Include="EchoJson.cpp">
      <Filter>Source Files\Messages</Filter>
    </ClCompile>
    <ClCompile Include="JsonMessageBase.cpp">
      <Filter>Source Files\Messages</Filter>
    </ClCompile>
    <ClCompile Include="Server.cpp">
      <Filter>Source Files\Server</Filter>
    </ClCompile>
    <ClCompile Include="Thermocracy.cpp">
      <Filter>Source Files\Server</Filter>
    </ClCompile>
    <ClCompile Include="CurrentTemperature.cpp">
      <Filter>Source Files\Messages</Filter>
    </ClCompile>
    <ClCompile Include="UserJson.cpp">
      <Filter>Source Files\Messages</Filter>
    </ClCompile>
  </ItemGroup>
  <ItemGroup>
    <ClInclude Include="..\3party\json\json.h">
      <Filter>Header Files\3rdParty\Json</Filter>
    </ClInclude>
    <ClInclude Include="..\3party\json\json-forwards.h">
      <Filter>Header Files\3rdParty\Json</Filter>
    </ClInclude>
    <ClInclude Include="EchoJson.h">
      <Filter>Header Files\Messages</Filter>
    </ClInclude>
    <ClInclude Include="JsonMessageBase.h">
      <Filter>Header Files\Messages</Filter>
    </ClInclude>
    <ClInclude Include="Server.h">
      <Filter>Header Files\Server</Filter>
    </ClInclude>
    <ClInclude Include="Thermocracy.h">
      <Filter>Header Files\Server</Filter>
    </ClInclude>
    <ClInclude Include="CurrentTemperature.h">
      <Filter>Header Files\Messages</Filter>
    </ClInclude>
    <ClInclude Include="UserJson.h">
      <Filter>Header Files\Messages</Filter>
    </ClInclude>
  </ItemGroup>
</Project>